{
  "name": "Scrabble_Trainer",
  "version": "1.0.0",
  "lockfileVersion": 1,
  "requires": true,
  "dependencies": {
    "easytimer.js": {
      "version": "4.5.1",
      "resolved": "https://registry.npmjs.org/easytimer.js/-/easytimer.js-4.5.1.tgz",
      "integrity": "sha512-m+ZVLeBevBhUqw6kghBMnXHSIH+N1VFcwj2cP5zJ+ovbXLR0mWddDj9n1VwmJGpHMbOjLuBfq3j4l/gJ/lvdRQ=="
    }
  }
}
